
Microsoft Visual Studio Solution File, Format Version 12.00
# Visual Studio Version 16
VisualStudioVersion = 16.0.31624.102
MinimumVisualStudioVersion = 10.0.40219.1
Project("{FAE04EC0-301F-11D3-BF4B-00C04F79EFBC}") = "JustDoItConsoleApp", "JustDoItConsoleApp\JustDoItConsoleApp.csproj", "{7C007239-9B7F-453E-856F-E031EBC8CCFA}"
EndProject
Global
	GlobalSection(SolutionConfigurationPlatforms) = preSolution
		Debug|Any CPU = Debug|Any CPU
		Release|Any CPU = Release|Any CPU
	EndGlobalSection
	GlobalSection(ProjectConfigurationPlatforms) = postSolution
		{7C007239-9B7F-453E-856F-E031EBC8CCFA}.Debug|Any CPU.ActiveCfg = Debug|Any CPU
		{7C007239-9B7F-453E-856F-E031EBC8CCFA}.Debug|Any CPU.Build.0 = Debug|Any CPU
		{7C007239-9B7F-453E-856F-E031EBC8CCFA}.Release|Any CPU.ActiveCfg = Release|Any CPU
		{7C007239-9B7F-453E-856F-E031EBC8CCFA}.Release|Any CPU.Build.0 = Release|Any CPU
	EndGlobalSection
	GlobalSection(SolutionProperties) = preSolution
		HideSolutionNode = FALSE
	EndGlobalSection
	GlobalSection(ExtensibilityGlobals) = postSolution
		SolutionGuid = {DFCD9EE4-5B3F-4660-AC19-5C3284DF172F}
	EndGlobalSection
EndGlobal
